
Microsoft Visual Studio Solution File, Format Version 12.00
# Visual Studio Version 16
VisualStudioVersion = 16.0.31911.196
MinimumVisualStudioVersion = 10.0.40219.1
Project("{FAE04EC0-301F-11D3-BF4B-00C04F79EFBC}") = "CircuitPuzzle", "CircuitPuzzle.csproj", "{3B4071FE-1DA2-422A-BD2B-8C82D4059493}"
EndProject
Global
	GlobalSection(SolutionConfigurationPlatforms) = preSolution
		Debug|Any CPU = Debug|Any CPU
		Release|Any CPU = Release|Any CPU
	EndGlobalSection
	GlobalSection(ProjectConfigurationPlatforms) = postSolution
		{3B4071FE-1DA2-422A-BD2B-8C82D4059493}.Debug|Any CPU.ActiveCfg = Debug|Any CPU
		{3B4071FE-1DA2-422A-BD2B-8C82D4059493}.Debug|Any CPU.Build.0 = Debug|Any CPU
		{3B4071FE-1DA2-422A-BD2B-8C82D4059493}.Release|Any CPU.ActiveCfg = Release|Any CPU
		{3B4071FE-1DA2-422A-BD2B-8C82D4059493}.Release|Any CPU.Build.0 = Release|Any CPU
	EndGlobalSection
	GlobalSection(SolutionProperties) = preSolution
		HideSolutionNode = FALSE
	EndGlobalSection
	GlobalSection(ExtensibilityGlobals) = postSolution
		SolutionGuid = {FCAA03F8-FF54-4BCD-A7D4-B8E59206606E}
	EndGlobalSection
EndGlobal
